
Microsoft Visual Studio Solution File, Format Version 12.00
# Visual Studio 2013
VisualStudioVersion = 12.0.40629.0
MinimumVisualStudioVersion = 10.0.40219.1
Project("{2150E333-8FDC-42A3-9474-1A3956D46DE8}") = "BlogPosts", "BlogPosts", "{232CF2D3-E59D-453A-B50E-DF6EF05D8A8C}"
	ProjectSection(SolutionItems) = preProject
		BlogPosts\CQRS_Diagram.png = BlogPosts\CQRS_Diagram.png
		BlogPosts\CQRS_Diagram.xlsx = BlogPosts\CQRS_Diagram.xlsx
		BlogPosts\OrderDatabaseEntities_01.png = BlogPosts\OrderDatabaseEntities_01.png
		BlogPosts\SolutionExplorer_01.png = BlogPosts\SolutionExplorer_01.png
		BlogPosts\UsingEFAndSprocFToAcheiveCQRS_Part1.md = BlogPosts\UsingEFAndSprocFToAcheiveCQRS_Part1.md
		BlogPosts\UsingEFAndSprocFToAcheiveCQRS_Part2.md = BlogPosts\UsingEFAndSprocFToAcheiveCQRS_Part2.md
		UsingEFAndSprocFToAcheiveCQRS_Part3.md = UsingEFAndSprocFToAcheiveCQRS_Part3.md
	EndProjectSection
EndProject
Project("{2150E333-8FDC-42A3-9474-1A3956D46DE8}") = "Code", "Code", "{DE7EAEB9-CAC1-46D4-B79A-7A6B9A68E3EB}"
EndProject
Project("{2150E333-8FDC-42A3-9474-1A3956D46DE8}") = "01.Client", "01.Client", "{73706FD9-05FB-4696-BF0D-F140A03266E8}"
EndProject
Project("{2150E333-8FDC-42A3-9474-1A3956D46DE8}") = "02.Services", "02.Services", "{A1A5A461-4D2F-47CB-B29C-4FD118B96D30}"
EndProject
Project("{2150E333-8FDC-42A3-9474-1A3956D46DE8}") = "03.QueryStack", "03.QueryStack", "{2A118C9B-A897-4D44-B0A4-A6A53AF12326}"
EndProject
Project("{2150E333-8FDC-42A3-9474-1A3956D46DE8}") = "04.CommandStack", "04.CommandStack", "{59B8AAB6-E9C3-47D3-BCE7-12386DF8D06A}"
EndProject
Project("{2150E333-8FDC-42A3-9474-1A3956D46DE8}") = "05.Database", "05.Database", "{869449B4-EF88-4753-B3B8-F49F9EB9E8E9}"
EndProject
Project("{FAE04EC0-301F-11D3-BF4B-00C04F79EFBC}") = "Blogs.EfAndSprocfForCqrs.IntegrationTests", "Code\01.Client\Blogs.EfAndSprocfForCqrs.IntegrationTests\Blogs.EfAndSprocfForCqrs.IntegrationTests.csproj", "{8AE10C36-7FA4-4304-8D09-EE8816034143}"
EndProject
Project("{FAE04EC0-301F-11D3-BF4B-00C04F79EFBC}") = "Blogs.EfAndSprocfForCqrs.Services", "Code\02.Services\Blogs.EfAndSprocfForCqrs.Services\Blogs.EfAndSprocfForCqrs.Services.csproj", "{CC298555-1458-4A82-B22A-58E43175345D}"
EndProject
Project("{FAE04EC0-301F-11D3-BF4B-00C04F79EFBC}") = "Blogs.EfAndSprocfForCqrs.ReadModel", "Code\03.QueryStack\Blogs.EfAndSprocfForCqrs.ReadModel\Blogs.EfAndSprocfForCqrs.ReadModel.csproj", "{E83647DF-6685-4BAC-AFEC-A0CFEBFFD59E}"
EndProject
Project("{FAE04EC0-301F-11D3-BF4B-00C04F79EFBC}") = "Blogs.EfAndSprocfForCqrs.DomainModel", "Code\04.CommandStack\Blogs.EfAndSprocfForCqrs.DomainModel\Blogs.EfAndSprocfForCqrs.DomainModel.csproj", "{4B9B0577-355B-49FB-A4A3-AFDA52D170EE}"
EndProject
Project("{00D1A9C2-B5F0-4AF3-8072-F6C62B433612}") = "Blogs.EfAndSprocfForCqrs.Database", "Code\05.Database\Blogs.EfAndSprocfForCqrs.Database\Blogs.EfAndSprocfForCqrs.Database.sqlproj", "{5D518781-BBAA-4780-826F-176EC5FD65B8}"
EndProject
Project("{FAE04EC0-301F-11D3-BF4B-00C04F79EFBC}") = "Blogs.EfAndSprocfForCqrs.Dependencies", "Code\01.Client\Blogs.EfAndSprocfForCqrs.Dependencies\Blogs.EfAndSprocfForCqrs.Dependencies.csproj", "{CA662D96-700B-4A58-960D-F243784ECA7B}"
EndProject
Global
	GlobalSection(SolutionConfigurationPlatforms) = preSolution
		Debug|Any CPU = Debug|Any CPU
		Release|Any CPU = Release|Any CPU
	EndGlobalSection
	GlobalSection(ProjectConfigurationPlatforms) = postSolution
		{8AE10C36-7FA4-4304-8D09-EE8816034143}.Debug|Any CPU.ActiveCfg = Debug|Any CPU
		{8AE10C36-7FA4-4304-8D09-EE8816034143}.Debug|Any CPU.Build.0 = Debug|Any CPU
		{8AE10C36-7FA4-4304-8D09-EE8816034143}.Release|Any CPU.ActiveCfg = Release|Any CPU
		{8AE10C36-7FA4-4304-8D09-EE8816034143}.Release|Any CPU.Build.0 = Release|Any CPU
		{CC298555-1458-4A82-B22A-58E43175345D}.Debug|Any CPU.ActiveCfg = Debug|Any CPU
		{CC298555-1458-4A82-B22A-58E43175345D}.Debug|Any CPU.Build.0 = Debug|Any CPU
		{CC298555-1458-4A82-B22A-58E43175345D}.Release|Any CPU.ActiveCfg = Release|Any CPU
		{CC298555-1458-4A82-B22A-58E43175345D}.Release|Any CPU.Build.0 = Release|Any CPU
		{E83647DF-6685-4BAC-AFEC-A0CFEBFFD59E}.Debug|Any CPU.ActiveCfg = Debug|Any CPU
		{E83647DF-6685-4BAC-AFEC-A0CFEBFFD59E}.Debug|Any CPU.Build.0 = Debug|Any CPU
		{E83647DF-6685-4BAC-AFEC-A0CFEBFFD59E}.Release|Any CPU.ActiveCfg = Release|Any CPU
		{E83647DF-6685-4BAC-AFEC-A0CFEBFFD59E}.Release|Any CPU.Build.0 = Release|Any CPU
		{4B9B0577-355B-49FB-A4A3-AFDA52D170EE}.Debug|Any CPU.ActiveCfg = Debug|Any CPU
		{4B9B0577-355B-49FB-A4A3-AFDA52D170EE}.Debug|Any CPU.Build.0 = Debug|Any CPU
		{4B9B0577-355B-49FB-A4A3-AFDA52D170EE}.Release|Any CPU.ActiveCfg = Release|Any CPU
		{4B9B0577-355B-49FB-A4A3-AFDA52D170EE}.Release|Any CPU.Build.0 = Release|Any CPU
		{5D518781-BBAA-4780-826F-176EC5FD65B8}.Debug|Any CPU.ActiveCfg = Debug|Any CPU
		{5D518781-BBAA-4780-826F-176EC5FD65B8}.Debug|Any CPU.Build.0 = Debug|Any CPU
		{5D518781-BBAA-4780-826F-176EC5FD65B8}.Debug|Any CPU.Deploy.0 = Debug|Any CPU
		{5D518781-BBAA-4780-826F-176EC5FD65B8}.Release|Any CPU.ActiveCfg = Release|Any CPU
		{5D518781-BBAA-4780-826F-176EC5FD65B8}.Release|Any CPU.Build.0 = Release|Any CPU
		{5D518781-BBAA-4780-826F-176EC5FD65B8}.Release|Any CPU.Deploy.0 = Release|Any CPU
		{CA662D96-700B-4A58-960D-F243784ECA7B}.Debug|Any CPU.ActiveCfg = Debug|Any CPU
		{CA662D96-700B-4A58-960D-F243784ECA7B}.Debug|Any CPU.Build.0 = Debug|Any CPU
		{CA662D96-700B-4A58-960D-F243784ECA7B}.Release|Any CPU.ActiveCfg = Release|Any CPU
		{CA662D96-700B-4A58-960D-F243784ECA7B}.Release|Any CPU.Build.0 = Release|Any CPU
	EndGlobalSection
	GlobalSection(SolutionProperties) = preSolution
		HideSolutionNode = FALSE
	EndGlobalSection
	GlobalSection(NestedProjects) = preSolution
		{73706FD9-05FB-4696-BF0D-F140A03266E8} = {DE7EAEB9-CAC1-46D4-B79A-7A6B9A68E3EB}
		{A1A5A461-4D2F-47CB-B29C-4FD118B96D30} = {DE7EAEB9-CAC1-46D4-B79A-7A6B9A68E3EB}
		{2A118C9B-A897-4D44-B0A4-A6A53AF12326} = {DE7EAEB9-CAC1-46D4-B79A-7A6B9A68E3EB}
		{59B8AAB6-E9C3-47D3-BCE7-12386DF8D06A} = {DE7EAEB9-CAC1-46D4-B79A-7A6B9A68E3EB}
		{869449B4-EF88-4753-B3B8-F49F9EB9E8E9} = {DE7EAEB9-CAC1-46D4-B79A-7A6B9A68E3EB}
		{8AE10C36-7FA4-4304-8D09-EE8816034143} = {73706FD9-05FB-4696-BF0D-F140A03266E8}
		{CC298555-1458-4A82-B22A-58E43175345D} = {A1A5A461-4D2F-47CB-B29C-4FD118B96D30}
		{E83647DF-6685-4BAC-AFEC-A0CFEBFFD59E} = {2A118C9B-A897-4D44-B0A4-A6A53AF12326}
		{4B9B0577-355B-49FB-A4A3-AFDA52D170EE} = {59B8AAB6-E9C3-47D3-BCE7-12386DF8D06A}
		{5D518781-BBAA-4780-826F-176EC5FD65B8} = {869449B4-EF88-4753-B3B8-F49F9EB9E8E9}
		{CA662D96-700B-4A58-960D-F243784ECA7B} = {73706FD9-05FB-4696-BF0D-F140A03266E8}
	EndGlobalSection
EndGlobal
